
Microsoft Visual Studio Solution File, Format Version 12.00
# Visual Studio Version 16
VisualStudioVersion = 16.0.30717.126
MinimumVisualStudioVersion = 10.0.40219.1
Project("{FAE04EC0-301F-11D3-BF4B-00C04F79EFBC}") = "GeekBurger.Ingredients", "GeekBurger.Ingredients\GeekBurger.Ingredients.csproj", "{EAD3E647-F718-419B-B9F6-7B424A42732C}"
EndProject
Project("{FAE04EC0-301F-11D3-BF4B-00C04F79EFBC}") = "GeekBurger.Ingredients.Contract", "GeekBurger.Ingredients.Contract\GeekBurger.Ingredients.Contract.csproj", "{C93B5637-47CD-4977-AEBF-4C128C909443}"
EndProject
Global
	GlobalSection(SolutionConfigurationPlatforms) = preSolution
		Debug|Any CPU = Debug|Any CPU
		Release|Any CPU = Release|Any CPU
	EndGlobalSection
	GlobalSection(ProjectConfigurationPlatforms) = postSolution
		{EAD3E647-F718-419B-B9F6-7B424A42732C}.Debug|Any CPU.ActiveCfg = Debug|Any CPU
		{EAD3E647-F718-419B-B9F6-7B424A42732C}.Debug|Any CPU.Build.0 = Debug|Any CPU
		{EAD3E647-F718-419B-B9F6-7B424A42732C}.Release|Any CPU.ActiveCfg = Release|Any CPU
		{EAD3E647-F718-419B-B9F6-7B424A42732C}.Release|Any CPU.Build.0 = Release|Any CPU
		{C93B5637-47CD-4977-AEBF-4C128C909443}.Debug|Any CPU.ActiveCfg = Debug|Any CPU
		{C93B5637-47CD-4977-AEBF-4C128C909443}.Debug|Any CPU.Build.0 = Debug|Any CPU
		{C93B5637-47CD-4977-AEBF-4C128C909443}.Release|Any CPU.ActiveCfg = Release|Any CPU
		{C93B5637-47CD-4977-AEBF-4C128C909443}.Release|Any CPU.Build.0 = Release|Any CPU
	EndGlobalSection
	GlobalSection(SolutionProperties) = preSolution
		HideSolutionNode = FALSE
	EndGlobalSection
	GlobalSection(ExtensibilityGlobals) = postSolution
		SolutionGuid = {64032CD5-5595-488D-94C0-74F3C3F3F264}
	EndGlobalSection
EndGlobal
